
Microsoft Visual Studio Solution File, Format Version 12.00
# Visual Studio Version 17
VisualStudioVersion = 17.0.31912.275
MinimumVisualStudioVersion = 10.0.40219.1
Project("{9A19103F-16F7-4668-BE54-9A1E7A4F7556}") = "LISPParenthesisValidator", "LISPParenthesisValidator\LISPParenthesisValidator.csproj", "{FC4A2E06-691B-41D5-ABD6-8FF2FAB8B64D}"
EndProject
Project("{FAE04EC0-301F-11D3-BF4B-00C04F79EFBC}") = "LISPParenthesisValidator.Domain", "LISPParenthesisValidator.Domain\LISPParenthesisValidator.Domain.csproj", "{E9490403-2982-4A6B-AC17-E97A75BA0FD2}"
EndProject
Project("{FAE04EC0-301F-11D3-BF4B-00C04F79EFBC}") = "LISPParenthesisValidator.UnitTests", "LISPParenthesisValidator.UnitTests\LISPParenthesisValidator.UnitTests.csproj", "{7517558B-D664-4864-8422-EC3DD5F7E581}"
EndProject
Global
	GlobalSection(SolutionConfigurationPlatforms) = preSolution
		Debug|Any CPU = Debug|Any CPU
		Release|Any CPU = Release|Any CPU
	EndGlobalSection
	GlobalSection(ProjectConfigurationPlatforms) = postSolution
		{FC4A2E06-691B-41D5-ABD6-8FF2FAB8B64D}.Debug|Any CPU.ActiveCfg = Debug|Any CPU
		{FC4A2E06-691B-41D5-ABD6-8FF2FAB8B64D}.Debug|Any CPU.Build.0 = Debug|Any CPU
		{FC4A2E06-691B-41D5-ABD6-8FF2FAB8B64D}.Release|Any CPU.ActiveCfg = Release|Any CPU
		{FC4A2E06-691B-41D5-ABD6-8FF2FAB8B64D}.Release|Any CPU.Build.0 = Release|Any CPU
		{E9490403-2982-4A6B-AC17-E97A75BA0FD2}.Debug|Any CPU.ActiveCfg = Debug|Any CPU
		{E9490403-2982-4A6B-AC17-E97A75BA0FD2}.Debug|Any CPU.Build.0 = Debug|Any CPU
		{E9490403-2982-4A6B-AC17-E97A75BA0FD2}.Release|Any CPU.ActiveCfg = Release|Any CPU
		{E9490403-2982-4A6B-AC17-E97A75BA0FD2}.Release|Any CPU.Build.0 = Release|Any CPU
		{7517558B-D664-4864-8422-EC3DD5F7E581}.Debug|Any CPU.ActiveCfg = Debug|Any CPU
		{7517558B-D664-4864-8422-EC3DD5F7E581}.Debug|Any CPU.Build.0 = Debug|Any CPU
		{7517558B-D664-4864-8422-EC3DD5F7E581}.Release|Any CPU.ActiveCfg = Release|Any CPU
		{7517558B-D664-4864-8422-EC3DD5F7E581}.Release|Any CPU.Build.0 = Release|Any CPU
	EndGlobalSection
	GlobalSection(SolutionProperties) = preSolution
		HideSolutionNode = FALSE
	EndGlobalSection
	GlobalSection(ExtensibilityGlobals) = postSolution
		SolutionGuid = {F3A7EC9D-A3B6-4F97-B3F7-986F2197DC3D}
	EndGlobalSection
EndGlobal
